
Microsoft Visual Studio Solution File, Format Version 12.00
# Visual Studio Version 17
VisualStudioVersion = 17.0.32112.339
MinimumVisualStudioVersion = 10.0.40219.1
Project("{9A19103F-16F7-4668-BE54-9A1E7A4F7556}") = "Polynoms", "Polynoms\Polynoms.csproj", "{52CE3D4D-25CA-4500-8E7E-A9FDB1C8E55F}"
EndProject
Project("{9A19103F-16F7-4668-BE54-9A1E7A4F7556}") = "Polynoms.Tests", "Tests\Polynoms.Tests\Polynoms.Tests.csproj", "{09689AF4-7EB6-433E-BB15-FEC88142560C}"
EndProject
Project("{9A19103F-16F7-4668-BE54-9A1E7A4F7556}") = "Benchmarks", "Benchmarks\Benchmarks.csproj", "{8EDA08F3-44ED-4A50-AF47-3B05296C1E65}"
EndProject
Project("{9A19103F-16F7-4668-BE54-9A1E7A4F7556}") = "StudentsManager", "StudentsManager\StudentsManager.csproj", "{014185C2-A682-4EA8-B82D-0DCD5569DB27}"
EndProject
Project("{FAE04EC0-301F-11D3-BF4B-00C04F79EFBC}") = "RegexTests", "RegexTests\RegexTests.csproj", "{9220723B-E7A8-44CA-A4F7-F5D6E7B14976}"
EndProject
Global
	GlobalSection(SolutionConfigurationPlatforms) = preSolution
		Debug|Any CPU = Debug|Any CPU
		Release|Any CPU = Release|Any CPU
	EndGlobalSection
	GlobalSection(ProjectConfigurationPlatforms) = postSolution
		{52CE3D4D-25CA-4500-8E7E-A9FDB1C8E55F}.Debug|Any CPU.ActiveCfg = Debug|Any CPU
		{52CE3D4D-25CA-4500-8E7E-A9FDB1C8E55F}.Debug|Any CPU.Build.0 = Debug|Any CPU
		{52CE3D4D-25CA-4500-8E7E-A9FDB1C8E55F}.Release|Any CPU.ActiveCfg = Release|Any CPU
		{52CE3D4D-25CA-4500-8E7E-A9FDB1C8E55F}.Release|Any CPU.Build.0 = Release|Any CPU
		{09689AF4-7EB6-433E-BB15-FEC88142560C}.Debug|Any CPU.ActiveCfg = Debug|Any CPU
		{09689AF4-7EB6-433E-BB15-FEC88142560C}.Debug|Any CPU.Build.0 = Debug|Any CPU
		{09689AF4-7EB6-433E-BB15-FEC88142560C}.Release|Any CPU.ActiveCfg = Release|Any CPU
		{09689AF4-7EB6-433E-BB15-FEC88142560C}.Release|Any CPU.Build.0 = Release|Any CPU
		{8EDA08F3-44ED-4A50-AF47-3B05296C1E65}.Debug|Any CPU.ActiveCfg = Debug|Any CPU
		{8EDA08F3-44ED-4A50-AF47-3B05296C1E65}.Debug|Any CPU.Build.0 = Debug|Any CPU
		{8EDA08F3-44ED-4A50-AF47-3B05296C1E65}.Release|Any CPU.ActiveCfg = Release|Any CPU
		{8EDA08F3-44ED-4A50-AF47-3B05296C1E65}.Release|Any CPU.Build.0 = Release|Any CPU
		{014185C2-A682-4EA8-B82D-0DCD5569DB27}.Debug|Any CPU.ActiveCfg = Debug|Any CPU
		{014185C2-A682-4EA8-B82D-0DCD5569DB27}.Debug|Any CPU.Build.0 = Debug|Any CPU
		{014185C2-A682-4EA8-B82D-0DCD5569DB27}.Release|Any CPU.ActiveCfg = Release|Any CPU
		{014185C2-A682-4EA8-B82D-0DCD5569DB27}.Release|Any CPU.Build.0 = Release|Any CPU
		{9220723B-E7A8-44CA-A4F7-F5D6E7B14976}.Debug|Any CPU.ActiveCfg = Debug|Any CPU
		{9220723B-E7A8-44CA-A4F7-F5D6E7B14976}.Debug|Any CPU.Build.0 = Debug|Any CPU
		{9220723B-E7A8-44CA-A4F7-F5D6E7B14976}.Release|Any CPU.ActiveCfg = Release|Any CPU
		{9220723B-E7A8-44CA-A4F7-F5D6E7B14976}.Release|Any CPU.Build.0 = Release|Any CPU
	EndGlobalSection
	GlobalSection(SolutionProperties) = preSolution
		HideSolutionNode = FALSE
	EndGlobalSection
	GlobalSection(ExtensibilityGlobals) = postSolution
		SolutionGuid = {0922909E-8311-49C2-A5C4-218C702D4B29}
	EndGlobalSection
EndGlobal
